
Microsoft Visual Studio Solution File, Format Version 12.00
# Visual Studio Version 17
VisualStudioVersion = 17.14.37216.2 d17.14
MinimumVisualStudioVersion = 10.0.40219.1
Project("{FAE04EC0-301F-11D3-BF4B-00C04F79EFBC}") = "MatrixHole", "MatrixHole.csproj", "{5DF16DE1-2CCE-9A14-E1BC-C1EADF1CAA26}"
EndProject
Project("{8BC9CEB8-8B4A-11D0-8D11-00A0C91BC942}") = "MatrixHole.Injector", "Injector\MatrixHole.Injector.vcxproj", "{A1B2C3D4-E5F6-7890-ABCD-EF1234567890}"
EndProject
Global
	GlobalSection(SolutionConfigurationPlatforms) = preSolution
		Debug|Any CPU = Debug|Any CPU
		Debug|x64 = Debug|x64
		Beta|Any CPU = Beta|Any CPU
		Beta|x64 = Beta|x64
		Release|Any CPU = Release|Any CPU
		Release|x64 = Release|x64
	EndGlobalSection
	GlobalSection(ProjectConfigurationPlatforms) = postSolution
		{5DF16DE1-2CCE-9A14-E1BC-C1EADF1CAA26}.Debug|Any CPU.ActiveCfg = Debug|Any CPU
		{5DF16DE1-2CCE-9A14-E1BC-C1EADF1CAA26}.Debug|Any CPU.Build.0 = Debug|Any CPU
		{5DF16DE1-2CCE-9A14-E1BC-C1EADF1CAA26}.Debug|x64.ActiveCfg = Debug|Any CPU
		{5DF16DE1-2CCE-9A14-E1BC-C1EADF1CAA26}.Beta|Any CPU.ActiveCfg = Beta|Any CPU
		{5DF16DE1-2CCE-9A14-E1BC-C1EADF1CAA26}.Beta|Any CPU.Build.0 = Beta|Any CPU
		{5DF16DE1-2CCE-9A14-E1BC-C1EADF1CAA26}.Beta|x64.ActiveCfg = Beta|Any CPU
		{5DF16DE1-2CCE-9A14-E1BC-C1EADF1CAA26}.Release|Any CPU.ActiveCfg = Release|Any CPU
		{5DF16DE1-2CCE-9A14-E1BC-C1EADF1CAA26}.Release|Any CPU.Build.0 = Release|Any CPU
		{5DF16DE1-2CCE-9A14-E1BC-C1EADF1CAA26}.Release|x64.ActiveCfg = Debug|Any CPU
		{A1B2C3D4-E5F6-7890-ABCD-EF1234567890}.Debug|Any CPU.ActiveCfg = Release|x64
		{A1B2C3D4-E5F6-7890-ABCD-EF1234567890}.Debug|x64.ActiveCfg = Release|x64
		{A1B2C3D4-E5F6-7890-ABCD-EF1234567890}.Debug|x64.Build.0 = Release|x64
		{A1B2C3D4-E5F6-7890-ABCD-EF1234567890}.Beta|Any CPU.ActiveCfg = Release|x64
		{A1B2C3D4-E5F6-7890-ABCD-EF1234567890}.Beta|x64.ActiveCfg = Release|x64
		{A1B2C3D4-E5F6-7890-ABCD-EF1234567890}.Beta|x64.Build.0 = Release|x64
		{A1B2C3D4-E5F6-7890-ABCD-EF1234567890}.Release|Any CPU.ActiveCfg = Release|x64
		{A1B2C3D4-E5F6-7890-ABCD-EF1234567890}.Release|x64.ActiveCfg = Release|x64
		{A1B2C3D4-E5F6-7890-ABCD-EF1234567890}.Release|x64.Build.0 = Release|x64
	EndGlobalSection
	GlobalSection(SolutionProperties) = preSolution
		HideSolutionNode = FALSE
	EndGlobalSection
	GlobalSection(ExtensibilityGlobals) = postSolution
		SolutionGuid = {EBF4FE7B-314E-4B6F-8813-9896A886F3E8}
	EndGlobalSection
EndGlobal
